// !$*UTF8*$!
{
	archiveVersion = 1;
	classes = {
	};
	objectVersion = 46;
	objects = {

/* Begin PBXBuildFile section */
		12D01CEB1F9AAF0C00CE6FF9 /* AppDelegate.swift in Sources */ = {isa = PBXBuildFile; fileRef = 12D01CEA1F9AAF0C00CE6FF9 /* AppDelegate.swift */; };
		12D01CED1F9AAF0C00CE6FF9 /* ViewController.swift in Sources */ = {isa = PBXBuildFile; fileRef = 12D01CEC1F9AAF0C00CE6FF9 /* ViewController.swift */; };
		12D01CF01F9AAF0C00CE6FF9 /* Main.storyboard in Resources */ = {isa = PBXBuildFile; fileRef = 12D01CEE1F9AAF0C00CE6FF9 /* Main.storyboard */; };
		12D01CF21F9AAF0C00CE6FF9 /* Assets.xcassets in Resources */ = {isa = PBXBuildFile; fileRef = 12D01CF11F9AAF0C00CE6FF9 /* Assets.xcassets */; };
		12D01CF51F9AAF0C00CE6FF9 /* LaunchScreen.storyboard in Resources */ = {isa = PBXBuildFile; fileRef = 12D01CF31F9AAF0C00CE6FF9 /* LaunchScreen.storyboard */; };
		7AF758ED13DBF6A78EFD50B3 /* Pods_GooglePlacesExercise.framework in Frameworks */ = {isa = PBXBuildFile; fileRef = 20AD24B888F58317A6702F16 /* Pods_GooglePlacesExercise.framework */; };
/* End PBXBuildFile section */

/* Begin PBXFileReference section */
		12D01CE71F9AAF0C00CE6FF9 /* GooglePlacesExercise.app */ = {isa = PBXFileReference; explicitFileType = wrapper.application; includeInIndex = 0; path = GooglePlacesExercise.app; sourceTree = BUILT_PRODUCTS_DIR; };
		12D01CEA1F9AAF0C00CE6FF9 /* AppDelegate.swift */ = {isa = PBXFileReference; lastKnownFileType = sourcecode.swift; path = AppDelegate.swift; sourceTree = "<group>"; };
		12D01CEC1F9AAF0C00CE6FF9 /* ViewController.swift */ = {isa = PBXFileReference; lastKnownFileType = sourcecode.swift; path = ViewController.swift; sourceTree = "<group>"; };
		12D01CEF1F9AAF0C00CE6FF9 /* Base */ = {isa = PBXFileReference; lastKnownFileType = file.storyboard; name = Base; path = Base.lproj/Main.storyboard; sourceTree = "<group>"; };
		12D01CF11F9AAF0C00CE6FF9 /* Assets.xcassets */ = {isa = PBXFileReference; lastKnownFileType = folder.assetcatalog; path = Assets.xcassets; sourceTree = "<group>"; };
		12D01CF41F9AAF0C00CE6FF9 /* Base */ = {isa = PBXFileReference; lastKnownFileType = file.storyboard; name = Base; path = Base.lproj/LaunchScreen.storyboard; sourceTree = "<group>"; };
		12D01CF61F9AAF0C00CE6FF9 /* Info.plist */ = {isa = PBXFileReference; lastKnownFileType = text.plist.xml; path = Info.plist; sourceTree = "<group>"; };
		20AD24B888F58317A6702F16 /* Pods_GooglePlacesExercise.framework */ = {isa = PBXFileReference; explicitFileType = wrapper.framework; includeInIndex = 0; path = Pods_GooglePlacesExercise.framework; sourceTree = BUILT_PRODUCTS_DIR; };
		53B7D99DAA62C5C9D6AB463A /* Pods-GooglePlacesExercise.release.xcconfig */ = {isa = PBXFileReference; includeInIndex = 1; lastKnownFileType = text.xcconfig; name = "Pods-GooglePlacesExercise.release.xcconfig"; path = "Pods/Target Support Files/Pods-GooglePlacesExercise/Pods-GooglePlacesExercise.release.xcconfig"; sourceTree = "<group>"; };
		AF6729F196B4F9A4BDE0E56F /* Pods-GooglePlacesExercise.debug.xcconfig */ = {isa = PBXFileReference; includeInIndex = 1; lastKnownFileType = text.xcconfig; name = "Pods-GooglePlacesExercise.debug.xcconfig"; path = "Pods/Target Support Files/Pods-GooglePlacesExercise/Pods-GooglePlacesExercise.debug.xcconfig"; sourceTree = "<group>"; };
/* End PBXFileReference section */

/* Begin PBXFrameworksBuildPhase section */
		12D01CE41F9AAF0C00CE6FF9 /* Frameworks */ = {
			isa = PBXFrameworksBuildPhase;
			buildActionMask = 2147483647;
			files = (
				7AF758ED13DBF6A78EFD50B3 /* Pods_GooglePlacesExercise.framework in Frameworks */,
			);
			runOnlyForDeploymentPostprocessing = 0;
		};
/* End PBXFrameworksBuildPhase section */

/* Begin PBXGroup section */
		12D01CDE1F9AAF0C00CE6FF9 = {
			isa = PBXGroup;
			children = (
				12D01CE91F9AAF0C00CE6FF9 /* GooglePlacesExercise */,
				12D01CE81F9AAF0C00CE6FF9 /* Products */,
				5B5D70A5CF8145842B9DB626 /* Pods */,
				A3014A0F6EE5A5D6575AE089 /* Frameworks */,
			);
			sourceTree = "<group>";
		};
		12D01CE81F9AAF0C00CE6FF9 /* Products */ = {
			isa = PBXGroup;
			children = (
				12D01CE71F9AAF0C00CE6FF9 /* GooglePlacesExercise.app */,
			);
			name = Products;
			sourceTree = "<group>";
		};
		12D01CE91F9AAF0C00CE6FF9 /* GooglePlacesExercise */ = {
			isa = PBXGroup;
			children = (
				12D01CEA1F9AAF0C00CE6FF9 /* AppDelegate.swift */,
				12D01CEC1F9AAF0C00CE6FF9 /* ViewController.swift */,
				12D01CEE1F9AAF0C00CE6FF9 /* Main.storyboard */,
				12D01CF11F9AAF0C00CE6FF9 /* Assets.xcassets */,
				12D01CF31F9AAF0C00CE6FF9 /* LaunchScreen.storyboard */,
				12D01CF61F9AAF0C00CE6FF9 /* Info.plist */,
			);
			path = GooglePlacesExercise;
			sourceTree = "<group>";
		};
		5B5D70A5CF8145842B9DB626 /* Pods */ = {
			isa = PBXGroup;
			children = (
				AF6729F196B4F9A4BDE0E56F /* Pods-GooglePlacesExercise.debug.xcconfig */,
				53B7D99DAA62C5C9D6AB463A /* Pods-GooglePlacesExercise.release.xcconfig */,
			);
			name = Pods;
			sourceTree = "<group>";
		};
		A3014A0F6EE5A5D6575AE089 /* Frameworks */ = {
			isa = PBXGroup;
			children = (
				20AD24B888F58317A6702F16 /* Pods_GooglePlacesExercise.framework */,
			);
			name = Frameworks;
			sourceTree = "<group>";
		};
/* End PBXGroup section */

/* Begin PBXNativeTarget section */
		12D01CE61F9AAF0C00CE6FF9 /* GooglePlacesExercise */ = {
			isa = PBXNativeTarget;
			buildConfigurationList = 12D01CF91F9AAF0C00CE6FF9 /* Build configuration list for PBXNativeTarget "GooglePlacesExercise" */;
			buildPhases = (
				0F45BD3A6329BAA9771516D0 /* [CP] Check Pods Manifest.lock */,
				12D01CE31F9AAF0C00CE6FF9 /* Sources */,
				12D01CE41F9AAF0C00CE6FF9 /* Frameworks */,
				12D01CE51F9AAF0C00CE6FF9 /* Resources */,
				EA6D5AD1FC130869434F8CC4 /* [CP] Embed Pods Frameworks */,
				502E5ABCB2194A964CBCA2A8 /* [CP] Copy Pods Resources */,
			);
			buildRules = (
			);
			dependencies = (
			);
			name = GooglePlacesExercise;
			productName = GooglePlacesExercise;
			productReference = 12D01CE71F9AAF0C00CE6FF9 /* GooglePlacesExercise.app */;
			productType = "com.apple.product-type.application";
		};
/* End PBXNativeTarget section */

/* Begin PBXProject section */
		12D01CDF1F9AAF0C00CE6FF9 /* Project object */ = {
			isa = PBXProject;
			attributes = {
				LastSwiftUpdateCheck = 0830;
				LastUpgradeCheck = 0830;
				ORGANIZATIONNAME = djku;
				TargetAttributes = {
					12D01CE61F9AAF0C00CE6FF9 = {
						CreatedOnToolsVersion = 8.3.3;
						DevelopmentTeam = J7EDPJR4N6;
						ProvisioningStyle = Automatic;
					};
				};
			};
			buildConfigurationList = 12D01CE21F9AAF0C00CE6FF9 /* Build configuration list for PBXProject "GooglePlacesExercise" */;
			compatibilityVersion = "Xcode 3.2";
			developmentRegion = English;
			hasScannedForEncodings = 0;
			knownRegions = (
				en,
				Base,
			);
			mainGroup = 12D01CDE1F9AAF0C00CE6FF9;
			productRefGroup = 12D01CE81F9AAF0C00CE6FF9 /* Products */;
			projectDirPath = "";
			projectRoot = "";
			targets = (
				12D01CE61F9AAF0C00CE6FF9 /* GooglePlacesExercise */,
			);
		};
/* End PBXProject section */

/* Begin PBXResourcesBuildPhase section */
		12D01CE51F9AAF0C00CE6FF9 /* Resources */ = {
			isa = PBXResourcesBuildPhase;
			buildActionMask = 2147483647;
			files = (
				12D01CF51F9AAF0C00CE6FF9 /* LaunchScreen.storyboard in Resources */,
				12D01CF21F9AAF0C00CE6FF9 /* Assets.xcassets in Resources */,
				12D01CF01F9AAF0C00CE6FF9 /* Main.storyboard in Resources */,
			);
			runOnlyForDeploymentPostprocessing = 0;
		};
/* End PBXResourcesBuildPhase section */

/* Begin PBXShellScriptBuildPhase section */
		0F45BD3A6329BAA9771516D0 /* [CP] Check Pods Manifest.lock */ = {
			isa = PBXShellScriptBuildPhase;
			buildActionMask = 2147483647;
			files = (
			);
			inputPaths = (
			);
			name = "[CP] Check Pods Manifest.lock";
			outputPaths = (
			);
			runOnlyForDeploymentPostprocessing = 0;
			shellPath = /bin/sh;
			shellScript = "diff \"${PODS_ROOT}/../Podfile.lock\" \"${PODS_ROOT}/Manifest.lock\" > /dev/null\nif [ $? != 0 ] ; then\n    # print error to STDERR\n    echo \"error: The sandbox is not in sync with the Podfile.lock. Run 'pod install' or update your CocoaPods installation.\" >&2\n    exit 1\nfi\n";
			showEnvVarsInLog = 0;
		};
		502E5ABCB2194A964CBCA2A8 /* [CP] Copy Pods Resources */ = {
			isa = PBXShellScriptBuildPhase;
			buildActionMask = 2147483647;
			files = (
			);
			inputPaths = (
			);
			name = "[CP] Copy Pods Resources";
			outputPaths = (
			);
			runOnlyForDeploymentPostprocessing = 0;
			shellPath = /bin/sh;
			shellScript = "\"${SRCROOT}/Pods/Target Support Files/Pods-GooglePlacesExercise/Pods-GooglePlacesExercise-resources.sh\"\n";
			showEnvVarsInLog = 0;
		};
		EA6D5AD1FC130869434F8CC4 /* [CP] Embed Pods Frameworks */ = {
			isa = PBXShellScriptBuildPhase;
			buildActionMask = 2147483647;
			files = (
			);
			inputPaths = (
			);
			name = "[CP] Embed Pods Frameworks";
			outputPaths = (
			);
			runOnlyForDeploymentPostprocessing = 0;
			shellPath = /bin/sh;
			shellScript = "\"${SRCROOT}/Pods/Target Support Files/Pods-GooglePlacesExercise/Pods-GooglePlacesExercise-frameworks.sh\"\n";
			showEnvVarsInLog = 0;
		};
/* End PBXShellScriptBuildPhase section */

/* Begin PBXSourcesBuildPhase section */
		12D01CE31F9AAF0C00CE6FF9 /* Sources */ = {
			isa = PBXSourcesBuildPhase;
			buildActionMask = 2147483647;
			files = (
				12D01CED1F9AAF0C00CE6FF9 /* ViewController.swift in Sources */,
				12D01CEB1F9AAF0C00CE6FF9 /* AppDelegate.swift in Sources */,
			);
			runOnlyForDeploymentPostprocessing = 0;
		};
/* End PBXSourcesBuildPhase section */

/* Begin PBXVariantGroup section */
		12D01CEE1F9AAF0C00CE6FF9 /* Main.storyboard */ = {
			isa = PBXVariantGroup;
			children = (
				12D01CEF1F9AAF0C00CE6FF9 /* Base */,
			);
			name = Main.storyboard;
			sourceTree = "<group>";
		};
		12D01CF31F9AAF0C00CE6FF9 /* LaunchScreen.storyboard */ = {
			isa = PBXVariantGroup;
			children = (
				12D01CF41F9AAF0C00CE6FF9 /* Base */,
			);
			name = LaunchScreen.storyboard;
			sourceTree = "<group>";
		};
/* End PBXVariantGroup section */

/* Begin XCBuildConfiguration section */
		12D01CF71F9AAF0C00CE6FF9 /* Debug */ = {
			isa = XCBuildConfiguration;
			buildSettings = {
				ALWAYS_SEARCH_USER_PATHS = NO;
				CLANG_ANALYZER_NONNULL = YES;
				CLANG_ANALYZER_NUMBER_OBJECT_CONVERSION = YES_AGGRESSIVE;
				CLANG_CXX_LANGUAGE_STANDARD = "gnu++0x";
				CLANG_CXX_LIBRARY = "libc++";
				CLANG_ENABLE_MODULES = YES;
				CLANG_ENABLE_OBJC_ARC = YES;
				CLANG_WARN_BOOL_CONVERSION = YES;
				CLANG_WARN_CONSTANT_CONVERSION = YES;
				CLANG_WARN_DIRECT_OBJC_ISA_USAGE = YES_ERROR;
				CLANG_WARN_DOCUMENTATION_COMMENTS = YES;
				CLANG_WARN_EMPTY_BODY = YES;
				CLANG_WARN_ENUM_CONVERSION = YES;
				CLANG_WARN_INFINITE_RECURSION = YES;
				CLANG_WARN_INT_CONVERSION = YES;
				CLANG_WARN_OBJC_ROOT_CLASS = YES_ERROR;
				CLANG_WARN_SUSPICIOUS_MOVE = YES;
				CLANG_WARN_UNREACHABLE_CODE = YES;
				CLANG_WARN__DUPLICATE_METHOD_MATCH = YES;
				"CODE_SIGN_IDENTITY[sdk=iphoneos*]" = "iPhone Developer";
				COPY_PHASE_STRIP = NO;
				DEBUG_INFORMATION_FORMAT = dwarf;
				ENABLE_STRICT_OBJC_MSGSEND = YES;
				ENABLE_TESTABILITY = YES;
				GCC_C_LANGUAGE_STANDARD = gnu99;
				GCC_DYNAMIC_NO_PIC = NO;
				GCC_NO_COMMON_BLOCKS = YES;
				GCC_OPTIMIZATION_LEVEL = 0;
				GCC_PREPROCESSOR_DEFINITIONS = (
					"DEBUG=1",
					"$(inherited)",
				);
				GCC_WARN_64_TO_32_BIT_CONVERSION = YES;
				GCC_WARN_ABOUT_RETURN_TYPE = YES_ERROR;
				GCC_WARN_UNDECLARED_SELECTOR = YES;
				GCC_WARN_UNINITIALIZED_AUTOS = YES_AGGRESSIVE;
				GCC_WARN_UNUSED_FUNCTION = YES;
				GCC_WARN_UNUSED_VARIABLE = YES;
				IPHONEOS_DEPLOYMENT_TARGET = 10.3;
				MTL_ENABLE_DEBUG_INFO = YES;
				ONLY_ACTIVE_ARCH = YES;
				SDKROOT = iphoneos;
				SWIFT_ACTIVE_COMPILATION_CONDITIONS = DEBUG;
				SWIFT_OPTIMIZATION_LEVEL = "-Onone";
			};
			name = Debug;
		};
		12D01CF81F9AAF0C00CE6FF9 /* Release */ = {
			isa = XCBuildConfiguration;
			buildSettings = {
				ALWAYS_SEARCH_USER_PATHS = NO;
				CLANG_ANALYZER_NONNULL = YES;
				CLANG_ANALYZER_NUMBER_OBJECT_CONVERSION = YES_AGGRESSIVE;
				CLANG_CXX_LANGUAGE_STANDARD = "gnu++0x";
				CLANG_CXX_LIBRARY = "libc++";
				CLANG_ENABLE_MODULES = YES;
				CLANG_ENABLE_OBJC_ARC = YES;
				CLANG_WARN_BOOL_CONVERSION = YES;
				CLANG_WARN_CONSTANT_CONVERSION = YES;
				CLANG_WARN_DIRECT_OBJC_ISA_USAGE = YES_ERROR;
				CLANG_WARN_DOCUMENTATION_COMMENTS = YES;
				CLANG_WARN_EMPTY_BODY = YES;
				CLANG_WARN_ENUM_CONVERSION = YES;
				CLANG_WARN_INFINITE_RECURSION = YES;
				CLANG_WARN_INT_CONVERSION = YES;
				CLANG_WARN_OBJC_ROOT_CLASS = YES_ERROR;
				CLANG_WARN_SUSPICIOUS_MOVE = YES;
				CLANG_WARN_UNREACHABLE_CODE = YES;
				CLANG_WARN__DUPLICATE_METHOD_MATCH = YES;
				"CODE_SIGN_IDENTITY[sdk=iphoneos*]" = "iPhone Developer";
				COPY_PHASE_STRIP = NO;
				DEBUG_INFORMATION_FORMAT = "dwarf-with-dsym";
				ENABLE_NS_ASSERTIONS = NO;
				ENABLE_STRICT_OBJC_MSGSEND = YES;
				GCC_C_LANGUAGE_STANDARD = gnu99;
				GCC_NO_COMMON_BLOCKS = YES;
				GCC_WARN_64_TO_32_BIT_CONVERSION = YES;
				GCC_WARN_ABOUT_RETURN_TYPE = YES_ERROR;
				GCC_WARN_UNDECLARED_SELECTOR = YES;
				GCC_WARN_UNINITIALIZED_AUTOS = YES_AGGRESSIVE;
				GCC_WARN_UNUSED_FUNCTION = YES;
				GCC_WARN_UNUSED_VARIABLE = YES;
				IPHONEOS_DEPLOYMENT_TARGET = 10.3;
				MTL_ENABLE_DEBUG_INFO = NO;
				SDKROOT = iphoneos;
				SWIFT_OPTIMIZATION_LEVEL = "-Owholemodule";
				VALIDATE_PRODUCT = YES;
			};
			name = Release;
		};
		12D01CFA1F9AAF0C00CE6FF9 /* Debug */ = {
			isa = XCBuildConfiguration;
			baseConfigurationReference = AF6729F196B4F9A4BDE0E56F /* Pods-GooglePlacesExercise.debug.xcconfig */;
			buildSettings = {
				ASSETCATALOG_COMPILER_APPICON_NAME = AppIcon;
				DEVELOPMENT_TEAM = J7EDPJR4N6;
				INFOPLIST_FILE = GooglePlacesExercise/Info.plist;
				LD_RUNPATH_SEARCH_PATHS = "$(inherited) @executable_path/Frameworks";
				PRODUCT_BUNDLE_IDENTIFIER = com.djku.GooglePlacesExercise;
				PRODUCT_NAME = "$(TARGET_NAME)";
				SWIFT_VERSION = 3.0;
			};
			name = Debug;
		};
		12D01CFB1F9AAF0C00CE6FF9 /* Release */ = {
			isa = XCBuildConfiguration;
			baseConfigurationReference = 53B7D99DAA62C5C9D6AB463A /* Pods-GooglePlacesExercise.release.xcconfig */;
			buildSettings = {
				ASSETCATALOG_COMPILER_APPICON_NAME = AppIcon;
				DEVELOPMENT_TEAM = J7EDPJR4N6;
				INFOPLIST_FILE = GooglePlacesExercise/Info.plist;
				LD_RUNPATH_SEARCH_PATHS = "$(inherited) @executable_path/Frameworks";
				PRODUCT_BUNDLE_IDENTIFIER = com.djku.GooglePlacesExercise;
				PRODUCT_NAME = "$(TARGET_NAME)";
				SWIFT_VERSION = 3.0;
			};
			name = Release;
		};
/* End XCBuildConfiguration section */

/* Begin XCConfigurationList section */
		12D01CE21F9AAF0C00CE6FF9 /* Build configuration list for PBXProject "GooglePlacesExercise" */ = {
			isa = XCConfigurationList;
			buildConfigurations = (
				12D01CF71F9AAF0C00CE6FF9 /* Debug */,
				12D01CF81F9AAF0C00CE6FF9 /* Release */,
			);
			defaultConfigurationIsVisible = 0;
			defaultConfigurationName = Release;
		};
		12D01CF91F9AAF0C00CE6FF9 /* Build configuration list for PBXNativeTarget "GooglePlacesExercise" */ = {
			isa = XCConfigurationList;
			buildConfigurations = (
				12D01CFA1F9AAF0C00CE6FF9 /* Debug */,
				12D01CFB1F9AAF0C00CE6FF9 /* Release */,
			);
			defaultConfigurationIsVisible = 0;
		};
/* End XCConfigurationList section */
	};
	rootObject = 12D01CDF1F9AAF0C00CE6FF9 /* Project object */;
}
